// !$*UTF8*$!
{
	archiveVersion = 1;
	classes = {
	};
	objectVersion = 46;
	objects = {

/* Begin PBXBuildFile section */
		E27355841E854B6600DADE26 /* overlay in Resources */ = {isa = PBXBuildFile; fileRef = E27355831E854B6600DADE26 /* overlay */; };
		E28C44CF1E88E14200FDFFDA /* UploadFile.m in Sources */ = {isa = PBXBuildFile; fileRef = E28C44CE1E88E14200FDFFDA /* UploadFile.m */; };
		E293EE131E9B2C0100DF1BA8 /* CompareViewController.m in Sources */ = {isa = PBXBuildFile; fileRef = E293EE121E9B2C0100DF1BA8 /* CompareViewController.m */; };
		E2DEDB351E8368BE009E0416 /* AppDelegate.m in Sources */ = {isa = PBXBuildFile; fileRef = E2DEDB341E8368BE009E0416 /* AppDelegate.m */; };
		E2DEDB381E8368BE009E0416 /* main.m in Sources */ = {isa = PBXBuildFile; fileRef = E2DEDB371E8368BE009E0416 /* main.m */; };
		E2DEDB3B1E8368BE009E0416 /* ViewController.m in Sources */ = {isa = PBXBuildFile; fileRef = E2DEDB3A1E8368BE009E0416 /* ViewController.m */; };
		E2DEDB401E8368BE009E0416 /* Main.storyboard in Resources */ = {isa = PBXBuildFile; fileRef = E2DEDB3E1E8368BE009E0416 /* Main.storyboard */; };
		E2DEDB4C1E83B341009E0416 /* ViewDropper.m in Sources */ = {isa = PBXBuildFile; fileRef = E2DEDB4B1E83B341009E0416 /* ViewDropper.m */; };
		E2ED72251E98B1B50022B2C1 /* Assets.xcassets in Resources */ = {isa = PBXBuildFile; fileRef = E2ED721F1E98B1B50022B2C1 /* Assets.xcassets */; };
		E2ED722A1E98B2530022B2C1 /* loading.gif in Resources */ = {isa = PBXBuildFile; fileRef = E2ED72291E98B2530022B2C1 /* loading.gif */; };
/* End PBXBuildFile section */

/* Begin PBXFileReference section */
		E27355831E854B6600DADE26 /* overlay */ = {isa = PBXFileReference; lastKnownFileType = folder; path = overlay; sourceTree = "<group>"; };
		E28C44CD1E88E14200FDFFDA /* UploadFile.h */ = {isa = PBXFileReference; fileEncoding = 4; lastKnownFileType = sourcecode.c.h; path = UploadFile.h; sourceTree = "<group>"; };
		E28C44CE1E88E14200FDFFDA /* UploadFile.m */ = {isa = PBXFileReference; fileEncoding = 4; lastKnownFileType = sourcecode.c.objc; path = UploadFile.m; sourceTree = "<group>"; };
		E293EE111E9B2C0100DF1BA8 /* CompareViewController.h */ = {isa = PBXFileReference; fileEncoding = 4; lastKnownFileType = sourcecode.c.h; path = CompareViewController.h; sourceTree = "<group>"; };
		E293EE121E9B2C0100DF1BA8 /* CompareViewController.m */ = {isa = PBXFileReference; fileEncoding = 4; lastKnownFileType = sourcecode.c.objc; path = CompareViewController.m; sourceTree = "<group>"; };
		E2DEDB301E8368BE009E0416 /* OverlayPack.app */ = {isa = PBXFileReference; explicitFileType = wrapper.application; includeInIndex = 0; path = OverlayPack.app; sourceTree = BUILT_PRODUCTS_DIR; };
		E2DEDB331E8368BE009E0416 /* AppDelegate.h */ = {isa = PBXFileReference; lastKnownFileType = sourcecode.c.h; path = AppDelegate.h; sourceTree = "<group>"; };
		E2DEDB341E8368BE009E0416 /* AppDelegate.m */ = {isa = PBXFileReference; lastKnownFileType = sourcecode.c.objc; path = AppDelegate.m; sourceTree = "<group>"; };
		E2DEDB371E8368BE009E0416 /* main.m */ = {isa = PBXFileReference; lastKnownFileType = sourcecode.c.objc; path = main.m; sourceTree = "<group>"; };
		E2DEDB391E8368BE009E0416 /* ViewController.h */ = {isa = PBXFileReference; lastKnownFileType = sourcecode.c.h; path = ViewController.h; sourceTree = "<group>"; };
		E2DEDB3A1E8368BE009E0416 /* ViewController.m */ = {isa = PBXFileReference; lastKnownFileType = sourcecode.c.objc; path = ViewController.m; sourceTree = "<group>"; };
		E2DEDB3F1E8368BE009E0416 /* Base */ = {isa = PBXFileReference; lastKnownFileType = file.storyboard; name = Base; path = Base.lproj/Main.storyboard; sourceTree = "<group>"; };
		E2DEDB411E8368BE009E0416 /* Info.plist */ = {isa = PBXFileReference; lastKnownFileType = text.plist.xml; path = Info.plist; sourceTree = "<group>"; };
		E2DEDB4A1E83B341009E0416 /* ViewDropper.h */ = {isa = PBXFileReference; fileEncoding = 4; lastKnownFileType = sourcecode.c.h; path = ViewDropper.h; sourceTree = "<group>"; };
		E2DEDB4B1E83B341009E0416 /* ViewDropper.m */ = {isa = PBXFileReference; fileEncoding = 4; lastKnownFileType = sourcecode.c.objc; path = ViewDropper.m; sourceTree = "<group>"; };
		E2ED721F1E98B1B50022B2C1 /* Assets.xcassets */ = {isa = PBXFileReference; lastKnownFileType = folder.assetcatalog; path = Assets.xcassets; sourceTree = "<group>"; };
		E2ED72291E98B2530022B2C1 /* loading.gif */ = {isa = PBXFileReference; lastKnownFileType = image.gif; path = loading.gif; sourceTree = "<group>"; };
/* End PBXFileReference section */

/* Begin PBXFrameworksBuildPhase section */
		E2DEDB2D1E8368BE009E0416 /* Frameworks */ = {
			isa = PBXFrameworksBuildPhase;
			buildActionMask = 2147483647;
			files = (
			);
			runOnlyForDeploymentPostprocessing = 0;
		};
/* End PBXFrameworksBuildPhase section */

/* Begin PBXGroup section */
		E2DEDB271E8368BE009E0416 = {
			isa = PBXGroup;
			children = (
				E2DEDB321E8368BE009E0416 /* OverlayPack */,
				E2DEDB311E8368BE009E0416 /* Products */,
			);
			sourceTree = "<group>";
		};
		E2DEDB311E8368BE009E0416 /* Products */ = {
			isa = PBXGroup;
			children = (
				E2DEDB301E8368BE009E0416 /* OverlayPack.app */,
			);
			name = Products;
			sourceTree = "<group>";
		};
		E2DEDB321E8368BE009E0416 /* OverlayPack */ = {
			isa = PBXGroup;
			children = (
				E2DEDB331E8368BE009E0416 /* AppDelegate.h */,
				E2DEDB341E8368BE009E0416 /* AppDelegate.m */,
				E2DEDB391E8368BE009E0416 /* ViewController.h */,
				E2DEDB3A1E8368BE009E0416 /* ViewController.m */,
				E2DEDB3E1E8368BE009E0416 /* Main.storyboard */,
				E2DEDB4A1E83B341009E0416 /* ViewDropper.h */,
				E2DEDB4B1E83B341009E0416 /* ViewDropper.m */,
				E293EE111E9B2C0100DF1BA8 /* CompareViewController.h */,
				E293EE121E9B2C0100DF1BA8 /* CompareViewController.m */,
				E28C44CD1E88E14200FDFFDA /* UploadFile.h */,
				E28C44CE1E88E14200FDFFDA /* UploadFile.m */,
				E2ED72291E98B2530022B2C1 /* loading.gif */,
				E2ED721F1E98B1B50022B2C1 /* Assets.xcassets */,
				E27355831E854B6600DADE26 /* overlay */,
				E2DEDB361E8368BE009E0416 /* Supporting Files */,
			);
			path = OverlayPack;
			sourceTree = "<group>";
		};
		E2DEDB361E8368BE009E0416 /* Supporting Files */ = {
			isa = PBXGroup;
			children = (
				E2DEDB411E8368BE009E0416 /* Info.plist */,
				E2DEDB371E8368BE009E0416 /* main.m */,
			);
			name = "Supporting Files";
			sourceTree = "<group>";
		};
/* End PBXGroup section */

/* Begin PBXNativeTarget section */
		E2DEDB2F1E8368BE009E0416 /* OverlayPack */ = {
			isa = PBXNativeTarget;
			buildConfigurationList = E2DEDB441E8368BE009E0416 /* Build configuration list for PBXNativeTarget "OverlayPack" */;
			buildPhases = (
				E2DEDB2C1E8368BE009E0416 /* Sources */,
				E2DEDB2D1E8368BE009E0416 /* Frameworks */,
				E2DEDB2E1E8368BE009E0416 /* Resources */,
			);
			buildRules = (
			);
			dependencies = (
			);
			name = OverlayPack;
			productName = OverlayPack;
			productReference = E2DEDB301E8368BE009E0416 /* OverlayPack.app */;
			productType = "com.apple.product-type.application";
		};
/* End PBXNativeTarget section */

/* Begin PBXProject section */
		E2DEDB281E8368BE009E0416 /* Project object */ = {
			isa = PBXProject;
			attributes = {
				LastUpgradeCheck = 0820;
				ORGANIZATIONNAME = Alonso;
				TargetAttributes = {
					E2DEDB2F1E8368BE009E0416 = {
						CreatedOnToolsVersion = 8.2;
						DevelopmentTeam = 8LP5KW6GHL;
						ProvisioningStyle = Automatic;
					};
				};
			};
			buildConfigurationList = E2DEDB2B1E8368BE009E0416 /* Build configuration list for PBXProject "OverlayPack" */;
			compatibilityVersion = "Xcode 3.2";
			developmentRegion = English;
			hasScannedForEncodings = 0;
			knownRegions = (
				en,
				Base,
			);
			mainGroup = E2DEDB271E8368BE009E0416;
			productRefGroup = E2DEDB311E8368BE009E0416 /* Products */;
			projectDirPath = "";
			projectRoot = "";
			targets = (
				E2DEDB2F1E8368BE009E0416 /* OverlayPack */,
			);
		};
/* End PBXProject section */

/* Begin PBXResourcesBuildPhase section */
		E2DEDB2E1E8368BE009E0416 /* Resources */ = {
			isa = PBXResourcesBuildPhase;
			buildActionMask = 2147483647;
			files = (
				E27355841E854B6600DADE26 /* overlay in Resources */,
				E2ED722A1E98B2530022B2C1 /* loading.gif in Resources */,
				E2ED72251E98B1B50022B2C1 /* Assets.xcassets in Resources */,
				E2DEDB401E8368BE009E0416 /* Main.storyboard in Resources */,
			);
			runOnlyForDeploymentPostprocessing = 0;
		};
/* End PBXResourcesBuildPhase section */

/* Begin PBXSourcesBuildPhase section */
		E2DEDB2C1E8368BE009E0416 /* Sources */ = {
			isa = PBXSourcesBuildPhase;
			buildActionMask = 2147483647;
			files = (
				E293EE131E9B2C0100DF1BA8 /* CompareViewController.m in Sources */,
				E28C44CF1E88E14200FDFFDA /* UploadFile.m in Sources */,
				E2DEDB4C1E83B341009E0416 /* ViewDropper.m in Sources */,
				E2DEDB3B1E8368BE009E0416 /* ViewController.m in Sources */,
				E2DEDB381E8368BE009E0416 /* main.m in Sources */,
				E2DEDB351E8368BE009E0416 /* AppDelegate.m in Sources */,
			);
			runOnlyForDeploymentPostprocessing = 0;
		};
/* End PBXSourcesBuildPhase section */

/* Begin PBXVariantGroup section */
		E2DEDB3E1E8368BE009E0416 /* Main.storyboard */ = {
			isa = PBXVariantGroup;
			children = (
				E2DEDB3F1E8368BE009E0416 /* Base */,
			);
			name = Main.storyboard;
			sourceTree = "<group>";
		};
/* End PBXVariantGroup section */

/* Begin XCBuildConfiguration section */
		E2DEDB421E8368BE009E0416 /* Debug */ = {
			isa = XCBuildConfiguration;
			buildSettings = {
				ALWAYS_SEARCH_USER_PATHS = NO;
				CLANG_ANALYZER_NONNULL = YES;
				CLANG_CXX_LANGUAGE_STANDARD = "gnu++0x";
				CLANG_CXX_LIBRARY = "libc++";
				CLANG_ENABLE_MODULES = YES;
				CLANG_ENABLE_OBJC_ARC = YES;
				CLANG_WARN_BOOL_CONVERSION = YES;
				CLANG_WARN_CONSTANT_CONVERSION = YES;
				CLANG_WARN_DIRECT_OBJC_ISA_USAGE = YES_ERROR;
				CLANG_WARN_DOCUMENTATION_COMMENTS = YES;
				CLANG_WARN_EMPTY_BODY = YES;
				CLANG_WARN_ENUM_CONVERSION = YES;
				CLANG_WARN_INFINITE_RECURSION = YES;
				CLANG_WARN_INT_CONVERSION = YES;
				CLANG_WARN_OBJC_ROOT_CLASS = YES_ERROR;
				CLANG_WARN_SUSPICIOUS_MOVE = YES;
				CLANG_WARN_UNREACHABLE_CODE = YES;
				CLANG_WARN__DUPLICATE_METHOD_MATCH = YES;
				CODE_SIGN_IDENTITY = "-";
				COPY_PHASE_STRIP = NO;
				DEBUG_INFORMATION_FORMAT = dwarf;
				ENABLE_STRICT_OBJC_MSGSEND = YES;
				ENABLE_TESTABILITY = YES;
				GCC_C_LANGUAGE_STANDARD = gnu99;
				GCC_DYNAMIC_NO_PIC = NO;
				GCC_NO_COMMON_BLOCKS = YES;
				GCC_OPTIMIZATION_LEVEL = 0;
				GCC_PREPROCESSOR_DEFINITIONS = (
					"DEBUG=1",
					"$(inherited)",
				);
				GCC_WARN_64_TO_32_BIT_CONVERSION = YES;
				GCC_WARN_ABOUT_RETURN_TYPE = YES_ERROR;
				GCC_WARN_UNDECLARED_SELECTOR = YES;
				GCC_WARN_UNINITIALIZED_AUTOS = YES_AGGRESSIVE;
				GCC_WARN_UNUSED_FUNCTION = YES;
				GCC_WARN_UNUSED_VARIABLE = YES;
				MACOSX_DEPLOYMENT_TARGET = 10.10;
				MTL_ENABLE_DEBUG_INFO = YES;
				ONLY_ACTIVE_ARCH = YES;
				SDKROOT = macosx;
			};
			name = Debug;
		};
		E2DEDB431E8368BE009E0416 /* Release */ = {
			isa = XCBuildConfiguration;
			buildSettings = {
				ALWAYS_SEARCH_USER_PATHS = NO;
				CLANG_ANALYZER_NONNULL = YES;
				CLANG_CXX_LANGUAGE_STANDARD = "gnu++0x";
				CLANG_CXX_LIBRARY = "libc++";
				CLANG_ENABLE_MODULES = YES;
				CLANG_ENABLE_OBJC_ARC = YES;
				CLANG_WARN_BOOL_CONVERSION = YES;
				CLANG_WARN_CONSTANT_CONVERSION = YES;
				CLANG_WARN_DIRECT_OBJC_ISA_USAGE = YES_ERROR;
				CLANG_WARN_DOCUMENTATION_COMMENTS = YES;
				CLANG_WARN_EMPTY_BODY = YES;
				CLANG_WARN_ENUM_CONVERSION = YES;
				CLANG_WARN_INFINITE_RECURSION = YES;
				CLANG_WARN_INT_CONVERSION = YES;
				CLANG_WARN_OBJC_ROOT_CLASS = YES_ERROR;
				CLANG_WARN_SUSPICIOUS_MOVE = YES;
				CLANG_WARN_UNREACHABLE_CODE = YES;
				CLANG_WARN__DUPLICATE_METHOD_MATCH = YES;
				CODE_SIGN_IDENTITY = "-";
				COPY_PHASE_STRIP = NO;
				DEBUG_INFORMATION_FORMAT = "dwarf-with-dsym";
				ENABLE_NS_ASSERTIONS = NO;
				ENABLE_STRICT_OBJC_MSGSEND = YES;
				GCC_C_LANGUAGE_STANDARD = gnu99;
				GCC_NO_COMMON_BLOCKS = YES;
				GCC_WARN_64_TO_32_BIT_CONVERSION = YES;
				GCC_WARN_ABOUT_RETURN_TYPE = YES_ERROR;
				GCC_WARN_UNDECLARED_SELECTOR = YES;
				GCC_WARN_UNINITIALIZED_AUTOS = YES_AGGRESSIVE;
				GCC_WARN_UNUSED_FUNCTION = YES;
				GCC_WARN_UNUSED_VARIABLE = YES;
				MACOSX_DEPLOYMENT_TARGET = 10.10;
				MTL_ENABLE_DEBUG_INFO = NO;
				SDKROOT = macosx;
			};
			name = Release;
		};
		E2DEDB451E8368BE009E0416 /* Debug */ = {
			isa = XCBuildConfiguration;
			buildSettings = {
				ASSETCATALOG_COMPILER_APPICON_NAME = AppIcon;
				COMBINE_HIDPI_IMAGES = YES;
				DEVELOPMENT_TEAM = 8LP5KW6GHL;
				INFOPLIST_FILE = OverlayPack/Info.plist;
				LD_RUNPATH_SEARCH_PATHS = "$(inherited) @executable_path/../Frameworks";
				PRODUCT_BUNDLE_IDENTIFIER = wistron.OverlayPack;
				PRODUCT_NAME = "$(TARGET_NAME)";
			};
			name = Debug;
		};
		E2DEDB461E8368BE009E0416 /* Release */ = {
			isa = XCBuildConfiguration;
			buildSettings = {
				ASSETCATALOG_COMPILER_APPICON_NAME = AppIcon;
				COMBINE_HIDPI_IMAGES = YES;
				DEVELOPMENT_TEAM = 8LP5KW6GHL;
				INFOPLIST_FILE = OverlayPack/Info.plist;
				LD_RUNPATH_SEARCH_PATHS = "$(inherited) @executable_path/../Frameworks";
				PRODUCT_BUNDLE_IDENTIFIER = wistron.OverlayPack;
				PRODUCT_NAME = "$(TARGET_NAME)";
			};
			name = Release;
		};
/* End XCBuildConfiguration section */

/* Begin XCConfigurationList section */
		E2DEDB2B1E8368BE009E0416 /* Build configuration list for PBXProject "OverlayPack" */ = {
			isa = XCConfigurationList;
			buildConfigurations = (
				E2DEDB421E8368BE009E0416 /* Debug */,
				E2DEDB431E8368BE009E0416 /* Release */,
			);
			defaultConfigurationIsVisible = 0;
			defaultConfigurationName = Release;
		};
		E2DEDB441E8368BE009E0416 /* Build configuration list for PBXNativeTarget "OverlayPack" */ = {
			isa = XCConfigurationList;
			buildConfigurations = (
				E2DEDB451E8368BE009E0416 /* Debug */,
				E2DEDB461E8368BE009E0416 /* Release */,
			);
			defaultConfigurationIsVisible = 0;
			defaultConfigurationName = Release;
		};
/* End XCConfigurationList section */
	};
	rootObject = E2DEDB281E8368BE009E0416 /* Project object */;
}
